// !$*UTF8*$!
{
	archiveVersion = 1;
	classes = {
	};
	objectVersion = 46;
	objects = {

/* Begin PBXBuildFile section */
		9255544A1A7825E1001392DA /* CustomTableViewCell.swift in Sources */ = {isa = PBXBuildFile; fileRef = 925554491A7825E1001392DA /* CustomTableViewCell.swift */; };
		926CCDEB1A78155F00E673AD /* AppDelegate.swift in Sources */ = {isa = PBXBuildFile; fileRef = 926CCDEA1A78155F00E673AD /* AppDelegate.swift */; };
		926CCDF01A78155F00E673AD /* Main.storyboard in Resources */ = {isa = PBXBuildFile; fileRef = 926CCDEE1A78155F00E673AD /* Main.storyboard */; };
		926CCDF21A78155F00E673AD /* Images.xcassets in Resources */ = {isa = PBXBuildFile; fileRef = 926CCDF11A78155F00E673AD /* Images.xcassets */; };
		926CCDF51A78155F00E673AD /* LaunchScreen.xib in Resources */ = {isa = PBXBuildFile; fileRef = 926CCDF31A78155F00E673AD /* LaunchScreen.xib */; };
		926CCE011A78155F00E673AD /* FoodPinTests.swift in Sources */ = {isa = PBXBuildFile; fileRef = 926CCE001A78155F00E673AD /* FoodPinTests.swift */; };
		926CCE0B1A78163400E673AD /* RestaurantTableViewController.swift in Sources */ = {isa = PBXBuildFile; fileRef = 926CCE0A1A78163400E673AD /* RestaurantTableViewController.swift */; };
/* End PBXBuildFile section */

/* Begin PBXContainerItemProxy section */
		926CCDFB1A78155F00E673AD /* PBXContainerItemProxy */ = {
			isa = PBXContainerItemProxy;
			containerPortal = 926CCDDD1A78155F00E673AD /* Project object */;
			proxyType = 1;
			remoteGlobalIDString = 926CCDE41A78155F00E673AD;
			remoteInfo = FoodPin;
		};
/* End PBXContainerItemProxy section */

/* Begin PBXFileReference section */
		925554491A7825E1001392DA /* CustomTableViewCell.swift */ = {isa = PBXFileReference; fileEncoding = 4; lastKnownFileType = sourcecode.swift; path = CustomTableViewCell.swift; sourceTree = "<group>"; };
		926CCDE51A78155F00E673AD /* FoodPin.app */ = {isa = PBXFileReference; explicitFileType = wrapper.application; includeInIndex = 0; path = FoodPin.app; sourceTree = BUILT_PRODUCTS_DIR; };
		926CCDE91A78155F00E673AD /* Info.plist */ = {isa = PBXFileReference; lastKnownFileType = text.plist.xml; path = Info.plist; sourceTree = "<group>"; };
		926CCDEA1A78155F00E673AD /* AppDelegate.swift */ = {isa = PBXFileReference; lastKnownFileType = sourcecode.swift; path = AppDelegate.swift; sourceTree = "<group>"; };
		926CCDEF1A78155F00E673AD /* Base */ = {isa = PBXFileReference; lastKnownFileType = file.storyboard; name = Base; path = Base.lproj/Main.storyboard; sourceTree = "<group>"; };
		926CCDF11A78155F00E673AD /* Images.xcassets */ = {isa = PBXFileReference; lastKnownFileType = folder.assetcatalog; path = Images.xcassets; sourceTree = "<group>"; };
		926CCDF41A78155F00E673AD /* Base */ = {isa = PBXFileReference; lastKnownFileType = file.xib; name = Base; path = Base.lproj/LaunchScreen.xib; sourceTree = "<group>"; };
		926CCDFA1A78155F00E673AD /* FoodPinTests.xctest */ = {isa = PBXFileReference; explicitFileType = wrapper.cfbundle; includeInIndex = 0; path = FoodPinTests.xctest; sourceTree = BUILT_PRODUCTS_DIR; };
		926CCDFF1A78155F00E673AD /* Info.plist */ = {isa = PBXFileReference; lastKnownFileType = text.plist.xml; path = Info.plist; sourceTree = "<group>"; };
		926CCE001A78155F00E673AD /* FoodPinTests.swift */ = {isa = PBXFileReference; lastKnownFileType = sourcecode.swift; path = FoodPinTests.swift; sourceTree = "<group>"; };
		926CCE0A1A78163400E673AD /* RestaurantTableViewController.swift */ = {isa = PBXFileReference; fileEncoding = 4; lastKnownFileType = sourcecode.swift; name = RestaurantTableViewController.swift; path = ../RestaurantTableViewController.swift; sourceTree = "<group>"; };
/* End PBXFileReference section */

/* Begin PBXFrameworksBuildPhase section */
		926CCDE21A78155F00E673AD /* Frameworks */ = {
			isa = PBXFrameworksBuildPhase;
			buildActionMask = 2147483647;
			files = (
			);
			runOnlyForDeploymentPostprocessing = 0;
		};
		926CCDF71A78155F00E673AD /* Frameworks */ = {
			isa = PBXFrameworksBuildPhase;
			buildActionMask = 2147483647;
			files = (
			);
			runOnlyForDeploymentPostprocessing = 0;
		};
/* End PBXFrameworksBuildPhase section */

/* Begin PBXGroup section */
		926CCDDC1A78155F00E673AD = {
			isa = PBXGroup;
			children = (
				926CCDE71A78155F00E673AD /* FoodPin */,
				926CCDFD1A78155F00E673AD /* FoodPinTests */,
				926CCDE61A78155F00E673AD /* Products */,
			);
			sourceTree = "<group>";
		};
		926CCDE61A78155F00E673AD /* Products */ = {
			isa = PBXGroup;
			children = (
				926CCDE51A78155F00E673AD /* FoodPin.app */,
				926CCDFA1A78155F00E673AD /* FoodPinTests.xctest */,
			);
			name = Products;
			sourceTree = "<group>";
		};
		926CCDE71A78155F00E673AD /* FoodPin */ = {
			isa = PBXGroup;
			children = (
				925554491A7825E1001392DA /* CustomTableViewCell.swift */,
				926CCE0A1A78163400E673AD /* RestaurantTableViewController.swift */,
				926CCDEA1A78155F00E673AD /* AppDelegate.swift */,
				926CCDEE1A78155F00E673AD /* Main.storyboard */,
				926CCDF11A78155F00E673AD /* Images.xcassets */,
				926CCDF31A78155F00E673AD /* LaunchScreen.xib */,
				926CCDE81A78155F00E673AD /* Supporting Files */,
			);
			path = FoodPin;
			sourceTree = "<group>";
		};
		926CCDE81A78155F00E673AD /* Supporting Files */ = {
			isa = PBXGroup;
			children = (
				926CCDE91A78155F00E673AD /* Info.plist */,
			);
			name = "Supporting Files";
			sourceTree = "<group>";
		};
		926CCDFD1A78155F00E673AD /* FoodPinTests */ = {
			isa = PBXGroup;
			children = (
				926CCE001A78155F00E673AD /* FoodPinTests.swift */,
				926CCDFE1A78155F00E673AD /* Supporting Files */,
			);
			path = FoodPinTests;
			sourceTree = "<group>";
		};
		926CCDFE1A78155F00E673AD /* Supporting Files */ = {
			isa = PBXGroup;
			children = (
				926CCDFF1A78155F00E673AD /* Info.plist */,
			);
			name = "Supporting Files";
			sourceTree = "<group>";
		};
/* End PBXGroup section */

/* Begin PBXNativeTarget section */
		926CCDE41A78155F00E673AD /* FoodPin */ = {
			isa = PBXNativeTarget;
			buildConfigurationList = 926CCE041A78155F00E673AD /* Build configuration list for PBXNativeTarget "FoodPin" */;
			buildPhases = (
				926CCDE11A78155F00E673AD /* Sources */,
				926CCDE21A78155F00E673AD /* Frameworks */,
				926CCDE31A78155F00E673AD /* Resources */,
			);
			buildRules = (
			);
			dependencies = (
			);
			name = FoodPin;
			productName = FoodPin;
			productReference = 926CCDE51A78155F00E673AD /* FoodPin.app */;
			productType = "com.apple.product-type.application";
		};
		926CCDF91A78155F00E673AD /* FoodPinTests */ = {
			isa = PBXNativeTarget;
			buildConfigurationList = 926CCE071A78155F00E673AD /* Build configuration list for PBXNativeTarget "FoodPinTests" */;
			buildPhases = (
				926CCDF61A78155F00E673AD /* Sources */,
				926CCDF71A78155F00E673AD /* Frameworks */,
				926CCDF81A78155F00E673AD /* Resources */,
			);
			buildRules = (
			);
			dependencies = (
				926CCDFC1A78155F00E673AD /* PBXTargetDependency */,
			);
			name = FoodPinTests;
			productName = FoodPinTests;
			productReference = 926CCDFA1A78155F00E673AD /* FoodPinTests.xctest */;
			productType = "com.apple.product-type.bundle.unit-test";
		};
/* End PBXNativeTarget section */

/* Begin PBXProject section */
		926CCDDD1A78155F00E673AD /* Project object */ = {
			isa = PBXProject;
			attributes = {
				LastUpgradeCheck = 0610;
				ORGANIZATIONNAME = "Mark Terry";
				TargetAttributes = {
					926CCDE41A78155F00E673AD = {
						CreatedOnToolsVersion = 6.1.1;
					};
					926CCDF91A78155F00E673AD = {
						CreatedOnToolsVersion = 6.1.1;
						TestTargetID = 926CCDE41A78155F00E673AD;
					};
				};
			};
			buildConfigurationList = 926CCDE01A78155F00E673AD /* Build configuration list for PBXProject "FoodPin" */;
			compatibilityVersion = "Xcode 3.2";
			developmentRegion = English;
			hasScannedForEncodings = 0;
			knownRegions = (
				en,
				Base,
			);
			mainGroup = 926CCDDC1A78155F00E673AD;
			productRefGroup = 926CCDE61A78155F00E673AD /* Products */;
			projectDirPath = "";
			projectRoot = "";
			targets = (
				926CCDE41A78155F00E673AD /* FoodPin */,
				926CCDF91A78155F00E673AD /* FoodPinTests */,
			);
		};
/* End PBXProject section */

/* Begin PBXResourcesBuildPhase section */
		926CCDE31A78155F00E673AD /* Resources */ = {
			isa = PBXResourcesBuildPhase;
			buildActionMask = 2147483647;
			files = (
				926CCDF01A78155F00E673AD /* Main.storyboard in Resources */,
				926CCDF51A78155F00E673AD /* LaunchScreen.xib in Resources */,
				926CCDF21A78155F00E673AD /* Images.xcassets in Resources */,
			);
			runOnlyForDeploymentPostprocessing = 0;
		};
		926CCDF81A78155F00E673AD /* Resources */ = {
			isa = PBXResourcesBuildPhase;
			buildActionMask = 2147483647;
			files = (
			);
			runOnlyForDeploymentPostprocessing = 0;
		};
/* End PBXResourcesBuildPhase section */

/* Begin PBXSourcesBuildPhase section */
		926CCDE11A78155F00E673AD /* Sources */ = {
			isa = PBXSourcesBuildPhase;
			buildActionMask = 2147483647;
			files = (
				9255544A1A7825E1001392DA /* CustomTableViewCell.swift in Sources */,
				926CCE0B1A78163400E673AD /* RestaurantTableViewController.swift in Sources */,
				926CCDEB1A78155F00E673AD /* AppDelegate.swift in Sources */,
			);
			runOnlyForDeploymentPostprocessing = 0;
		};
		926CCDF61A78155F00E673AD /* Sources */ = {
			isa = PBXSourcesBuildPhase;
			buildActionMask = 2147483647;
			files = (
				926CCE011A78155F00E673AD /* FoodPinTests.swift in Sources */,
			);
			runOnlyForDeploymentPostprocessing = 0;
		};
/* End PBXSourcesBuildPhase section */

/* Begin PBXTargetDependency section */
		926CCDFC1A78155F00E673AD /* PBXTargetDependency */ = {
			isa = PBXTargetDependency;
			target = 926CCDE41A78155F00E673AD /* FoodPin */;
			targetProxy = 926CCDFB1A78155F00E673AD /* PBXContainerItemProxy */;
		};
/* End PBXTargetDependency section */

/* Begin PBXVariantGroup section */
		926CCDEE1A78155F00E673AD /* Main.storyboard */ = {
			isa = PBXVariantGroup;
			children = (
				926CCDEF1A78155F00E673AD /* Base */,
			);
			name = Main.storyboard;
			sourceTree = "<group>";
		};
		926CCDF31A78155F00E673AD /* LaunchScreen.xib */ = {
			isa = PBXVariantGroup;
			children = (
				926CCDF41A78155F00E673AD /* Base */,
			);
			name = LaunchScreen.xib;
			sourceTree = "<group>";
		};
/* End PBXVariantGroup section */

/* Begin XCBuildConfiguration section */
		926CCE021A78155F00E673AD /* Debug */ = {
			isa = XCBuildConfiguration;
			buildSettings = {
				ALWAYS_SEARCH_USER_PATHS = NO;
				CLANG_CXX_LANGUAGE_STANDARD = "gnu++0x";
				CLANG_CXX_LIBRARY = "libc++";
				CLANG_ENABLE_MODULES = YES;
				CLANG_ENABLE_OBJC_ARC = YES;
				CLANG_WARN_BOOL_CONVERSION = YES;
				CLANG_WARN_CONSTANT_CONVERSION = YES;
				CLANG_WARN_DIRECT_OBJC_ISA_USAGE = YES_ERROR;
				CLANG_WARN_EMPTY_BODY = YES;
				CLANG_WARN_ENUM_CONVERSION = YES;
				CLANG_WARN_INT_CONVERSION = YES;
				CLANG_WARN_OBJC_ROOT_CLASS = YES_ERROR;
				CLANG_WARN_UNREACHABLE_CODE = YES;
				CLANG_WARN__DUPLICATE_METHOD_MATCH = YES;
				"CODE_SIGN_IDENTITY[sdk=iphoneos*]" = "iPhone Developer";
				COPY_PHASE_STRIP = NO;
				ENABLE_STRICT_OBJC_MSGSEND = YES;
				GCC_C_LANGUAGE_STANDARD = gnu99;
				GCC_DYNAMIC_NO_PIC = NO;
				GCC_OPTIMIZATION_LEVEL = 0;
				GCC_PREPROCESSOR_DEFINITIONS = (
					"DEBUG=1",
					"$(inherited)",
				);
				GCC_SYMBOLS_PRIVATE_EXTERN = NO;
				GCC_WARN_64_TO_32_BIT_CONVERSION = YES;
				GCC_WARN_ABOUT_RETURN_TYPE = YES_ERROR;
				GCC_WARN_UNDECLARED_SELECTOR = YES;
				GCC_WARN_UNINITIALIZED_AUTOS = YES_AGGRESSIVE;
				GCC_WARN_UNUSED_FUNCTION = YES;
				GCC_WARN_UNUSED_VARIABLE = YES;
				IPHONEOS_DEPLOYMENT_TARGET = 8.1;
				MTL_ENABLE_DEBUG_INFO = YES;
				ONLY_ACTIVE_ARCH = YES;
				SDKROOT = iphoneos;
				SWIFT_OPTIMIZATION_LEVEL = "-Onone";
			};
			name = Debug;
		};
		926CCE031A78155F00E673AD /* Release */ = {
			isa = XCBuildConfiguration;
			buildSettings = {
				ALWAYS_SEARCH_USER_PATHS = NO;
				CLANG_CXX_LANGUAGE_STANDARD = "gnu++0x";
				CLANG_CXX_LIBRARY = "libc++";
				CLANG_ENABLE_MODULES = YES;
				CLANG_ENABLE_OBJC_ARC = YES;
				CLANG_WARN_BOOL_CONVERSION = YES;
				CLANG_WARN_CONSTANT_CONVERSION = YES;
				CLANG_WARN_DIRECT_OBJC_ISA_USAGE = YES_ERROR;
				CLANG_WARN_EMPTY_BODY = YES;
				CLANG_WARN_ENUM_CONVERSION = YES;
				CLANG_WARN_INT_CONVERSION = YES;
				CLANG_WARN_OBJC_ROOT_CLASS = YES_ERROR;
				CLANG_WARN_UNREACHABLE_CODE = YES;
				CLANG_WARN__DUPLICATE_METHOD_MATCH = YES;
				"CODE_SIGN_IDENTITY[sdk=iphoneos*]" = "iPhone Developer";
				COPY_PHASE_STRIP = YES;
				ENABLE_NS_ASSERTIONS = NO;
				ENABLE_STRICT_OBJC_MSGSEND = YES;
				GCC_C_LANGUAGE_STANDARD = gnu99;
				GCC_WARN_64_TO_32_BIT_CONVERSION = YES;
				GCC_WARN_ABOUT_RETURN_TYPE = YES_ERROR;
				GCC_WARN_UNDECLARED_SELECTOR = YES;
				GCC_WARN_UNINITIALIZED_AUTOS = YES_AGGRESSIVE;
				GCC_WARN_UNUSED_FUNCTION = YES;
				GCC_WARN_UNUSED_VARIABLE = YES;
				IPHONEOS_DEPLOYMENT_TARGET = 8.1;
				MTL_ENABLE_DEBUG_INFO = NO;
				SDKROOT = iphoneos;
				VALIDATE_PRODUCT = YES;
			};
			name = Release;
		};
		926CCE051A78155F00E673AD /* Debug */ = {
			isa = XCBuildConfiguration;
			buildSettings = {
				ASSETCATALOG_COMPILER_APPICON_NAME = AppIcon;
				INFOPLIST_FILE = FoodPin/Info.plist;
				LD_RUNPATH_SEARCH_PATHS = "$(inherited) @executable_path/Frameworks";
				PRODUCT_NAME = "$(TARGET_NAME)";
			};
			name = Debug;
		};
		926CCE061A78155F00E673AD /* Release */ = {
			isa = XCBuildConfiguration;
			buildSettings = {
				ASSETCATALOG_COMPILER_APPICON_NAME = AppIcon;
				INFOPLIST_FILE = FoodPin/Info.plist;
				LD_RUNPATH_SEARCH_PATHS = "$(inherited) @executable_path/Frameworks";
				PRODUCT_NAME = "$(TARGET_NAME)";
			};
			name = Release;
		};
		926CCE081A78155F00E673AD /* Debug */ = {
			isa = XCBuildConfiguration;
			buildSettings = {
				BUNDLE_LOADER = "$(TEST_HOST)";
				FRAMEWORK_SEARCH_PATHS = (
					"$(SDKROOT)/Developer/Library/Frameworks",
					"$(inherited)",
				);
				GCC_PREPROCESSOR_DEFINITIONS = (
					"DEBUG=1",
					"$(inherited)",
				);
				INFOPLIST_FILE = FoodPinTests/Info.plist;
				LD_RUNPATH_SEARCH_PATHS = "$(inherited) @executable_path/Frameworks @loader_path/Frameworks";
				PRODUCT_NAME = "$(TARGET_NAME)";
				TEST_HOST = "$(BUILT_PRODUCTS_DIR)/FoodPin.app/FoodPin";
			};
			name = Debug;
		};
		926CCE091A78155F00E673AD /* Release */ = {
			isa = XCBuildConfiguration;
			buildSettings = {
				BUNDLE_LOADER = "$(TEST_HOST)";
				FRAMEWORK_SEARCH_PATHS = (
					"$(SDKROOT)/Developer/Library/Frameworks",
					"$(inherited)",
				);
				INFOPLIST_FILE = FoodPinTests/Info.plist;
				LD_RUNPATH_SEARCH_PATHS = "$(inherited) @executable_path/Frameworks @loader_path/Frameworks";
				PRODUCT_NAME = "$(TARGET_NAME)";
				TEST_HOST = "$(BUILT_PRODUCTS_DIR)/FoodPin.app/FoodPin";
			};
			name = Release;
		};
/* End XCBuildConfiguration section */

/* Begin XCConfigurationList section */
		926CCDE01A78155F00E673AD /* Build configuration list for PBXProject "FoodPin" */ = {
			isa = XCConfigurationList;
			buildConfigurations = (
				926CCE021A78155F00E673AD /* Debug */,
				926CCE031A78155F00E673AD /* Release */,
			);
			defaultConfigurationIsVisible = 0;
			defaultConfigurationName = Release;
		};
		926CCE041A78155F00E673AD /* Build configuration list for PBXNativeTarget "FoodPin" */ = {
			isa = XCConfigurationList;
			buildConfigurations = (
				926CCE051A78155F00E673AD /* Debug */,
				926CCE061A78155F00E673AD /* Release */,
			);
			defaultConfigurationIsVisible = 0;
			defaultConfigurationName = Release;
		};
		926CCE071A78155F00E673AD /* Build configuration list for PBXNativeTarget "FoodPinTests" */ = {
			isa = XCConfigurationList;
			buildConfigurations = (
				926CCE081A78155F00E673AD /* Debug */,
				926CCE091A78155F00E673AD /* Release */,
			);
			defaultConfigurationIsVisible = 0;
			defaultConfigurationName = Release;
		};
/* End XCConfigurationList section */
	};
	rootObject = 926CCDDD1A78155F00E673AD /* Project object */;
}
